{
    "_meta": {
        "hash": {
            "sha256": "f8ed531b548a4cb9c7f3f694273b68b9d1412d952d67c9a4f565975f26486fda"
        },
        "pipfile-spec": 6,
        "requires": {
            "python_version": "3.7"
        },
        "sources": [
            {
                "name": "pypi",
                "url": "https://pypi.org/simple",
                "verify_ssl": true
            }
        ]
    },
    "default": {
        "pyftpdlib": {
            "hashes": [
                "sha256:0cef75792fc1d9532fb6fbf4f87883c437c8428a4cd50d673d295222622a222e",
                "sha256:1adf1c03d1508749e7c2f26dc9850ec0ef834318d725b7ae5ac91698f5c86752"
            ],
            "index": "pypi",
            "version": "==1.5.5"
        }
    },
    "develop": {}
}
